
Microsoft Visual Studio Solution File, Format Version 12.00
Project("{FAE04EC0-301F-11D3-BF4B-00C04F79EFBC}") = "bytesandcrafts.mts2mp4", "bytesandcrafts.mts2mp4\bytesandcrafts.mts2mp4.csproj", "{FA91B3A0-E312-4CD1-ACF8-3F01DEB2DADB}"
EndProject
Global
	GlobalSection(SolutionConfigurationPlatforms) = preSolution
		Debug|Any CPU = Debug|Any CPU
		Release|Any CPU = Release|Any CPU
	EndGlobalSection
	GlobalSection(ProjectConfigurationPlatforms) = postSolution
		{FA91B3A0-E312-4CD1-ACF8-3F01DEB2DADB}.Debug|Any CPU.ActiveCfg = Debug|Any CPU
		{FA91B3A0-E312-4CD1-ACF8-3F01DEB2DADB}.Debug|Any CPU.Build.0 = Debug|Any CPU
		{FA91B3A0-E312-4CD1-ACF8-3F01DEB2DADB}.Release|Any CPU.ActiveCfg = Release|Any CPU
		{FA91B3A0-E312-4CD1-ACF8-3F01DEB2DADB}.Release|Any CPU.Build.0 = Release|Any CPU
	EndGlobalSection
EndGlobal
